
Microsoft Visual Studio Solution File, Format Version 12.00
Project("{FAE04EC0-301F-11D3-BF4B-00C04F79EFBC}") = "NewsApplication.Application", "NewsApplication.Application\NewsApplication.Application.csproj", "{447FC313-A68B-47BC-B33A-246F9EF844C1}"
EndProject
Project("{FAE04EC0-301F-11D3-BF4B-00C04F79EFBC}") = "NewsApplication.MVC", "NewsApplication.MVC\NewsApplication.MVC.csproj", "{13AAA1D1-AA9B-40E8-BF7B-220C36B5665B}"
EndProject
Project("{FAE04EC0-301F-11D3-BF4B-00C04F79EFBC}") = "NewsApplication.Persistence", "NewsApplication.Persistence\NewsApplication.Persistence.csproj", "{4FED98F4-AB9E-4097-938E-8063D5EDDE37}"
EndProject
Project("{FAE04EC0-301F-11D3-BF4B-00C04F79EFBC}") = "NewsApplication.Core", "NewsApplication.Core\NewsApplication.Core.csproj", "{393FFFB1-32B2-4377-87EF-E12ACA7A98E6}"
EndProject
Project("{FAE04EC0-301F-11D3-BF4B-00C04F79EFBC}") = "NewsApplication.Models", "NewsApplication.Models\NewsApplication.Models.csproj", "{F60C39B3-093D-448C-A65D-607525FB1DB9}"
EndProject
Global
	GlobalSection(SolutionConfigurationPlatforms) = preSolution
		Debug|Any CPU = Debug|Any CPU
		Release|Any CPU = Release|Any CPU
	EndGlobalSection
	GlobalSection(ProjectConfigurationPlatforms) = postSolution
		{447FC313-A68B-47BC-B33A-246F9EF844C1}.Debug|Any CPU.ActiveCfg = Debug|Any CPU
		{447FC313-A68B-47BC-B33A-246F9EF844C1}.Debug|Any CPU.Build.0 = Debug|Any CPU
		{447FC313-A68B-47BC-B33A-246F9EF844C1}.Release|Any CPU.ActiveCfg = Release|Any CPU
		{447FC313-A68B-47BC-B33A-246F9EF844C1}.Release|Any CPU.Build.0 = Release|Any CPU
		{13AAA1D1-AA9B-40E8-BF7B-220C36B5665B}.Debug|Any CPU.ActiveCfg = Debug|Any CPU
		{13AAA1D1-AA9B-40E8-BF7B-220C36B5665B}.Debug|Any CPU.Build.0 = Debug|Any CPU
		{13AAA1D1-AA9B-40E8-BF7B-220C36B5665B}.Release|Any CPU.ActiveCfg = Release|Any CPU
		{13AAA1D1-AA9B-40E8-BF7B-220C36B5665B}.Release|Any CPU.Build.0 = Release|Any CPU
		{4FED98F4-AB9E-4097-938E-8063D5EDDE37}.Debug|Any CPU.ActiveCfg = Debug|Any CPU
		{4FED98F4-AB9E-4097-938E-8063D5EDDE37}.Debug|Any CPU.Build.0 = Debug|Any CPU
		{4FED98F4-AB9E-4097-938E-8063D5EDDE37}.Release|Any CPU.ActiveCfg = Release|Any CPU
		{4FED98F4-AB9E-4097-938E-8063D5EDDE37}.Release|Any CPU.Build.0 = Release|Any CPU
		{393FFFB1-32B2-4377-87EF-E12ACA7A98E6}.Debug|Any CPU.ActiveCfg = Debug|Any CPU
		{393FFFB1-32B2-4377-87EF-E12ACA7A98E6}.Debug|Any CPU.Build.0 = Debug|Any CPU
		{393FFFB1-32B2-4377-87EF-E12ACA7A98E6}.Release|Any CPU.ActiveCfg = Release|Any CPU
		{393FFFB1-32B2-4377-87EF-E12ACA7A98E6}.Release|Any CPU.Build.0 = Release|Any CPU
		{F60C39B3-093D-448C-A65D-607525FB1DB9}.Debug|Any CPU.ActiveCfg = Debug|Any CPU
		{F60C39B3-093D-448C-A65D-607525FB1DB9}.Debug|Any CPU.Build.0 = Debug|Any CPU
		{F60C39B3-093D-448C-A65D-607525FB1DB9}.Release|Any CPU.ActiveCfg = Release|Any CPU
		{F60C39B3-093D-448C-A65D-607525FB1DB9}.Release|Any CPU.Build.0 = Release|Any CPU
	EndGlobalSection
EndGlobal
